
Microsoft Visual Studio Solution File, Format Version 12.00
Project("{F2A71F9B-5D33-465A-A702-920D77279786}") = "Zadanie01", "Zadanie01\Zadanie01.fsproj", "{892F07DB-E9C0-4FB3-B1A9-A4ADF1289629}"
EndProject
Project("{F2A71F9B-5D33-465A-A702-920D77279786}") = "Zadanie02", "Zadanie02\Zadanie02.fsproj", "{604F6DA1-F924-4608-8D82-2CF17DD5BA66}"
EndProject
Project("{F2A71F9B-5D33-465A-A702-920D77279786}") = "Zadanie03", "Zadanie03\Zadanie03.fsproj", "{DB1706F4-A199-4E44-9F00-F92F80A8EF24}"
EndProject
Project("{F2A71F9B-5D33-465A-A702-920D77279786}") = "Zadanie04", "Zadanie04\Zadanie04.fsproj", "{983D12C7-C616-4BC7-B664-31317EE976A3}"
EndProject
Project("{F2A71F9B-5D33-465A-A702-920D77279786}") = "Zadanie05", "Zadanie05\Zadanie05.fsproj", "{4C759699-D8C7-4E72-A56B-E4664A394183}"
EndProject
Project("{F2A71F9B-5D33-465A-A702-920D77279786}") = "Zadanie06", "Zadanie06\Zadanie06.fsproj", "{BDB91D33-3185-4DB3-BDF2-B7288726B04B}"
EndProject
Global
	GlobalSection(SolutionConfigurationPlatforms) = preSolution
		Debug|Any CPU = Debug|Any CPU
		Debug|x64 = Debug|x64
		Debug|x86 = Debug|x86
		Release|Any CPU = Release|Any CPU
		Release|x64 = Release|x64
		Release|x86 = Release|x86
	EndGlobalSection
	GlobalSection(ProjectConfigurationPlatforms) = postSolution
		{892F07DB-E9C0-4FB3-B1A9-A4ADF1289629}.Debug|Any CPU.ActiveCfg = Debug|Any CPU
		{892F07DB-E9C0-4FB3-B1A9-A4ADF1289629}.Debug|Any CPU.Build.0 = Debug|Any CPU
		{892F07DB-E9C0-4FB3-B1A9-A4ADF1289629}.Debug|x64.ActiveCfg = Debug|Any CPU
		{892F07DB-E9C0-4FB3-B1A9-A4ADF1289629}.Debug|x64.Build.0 = Debug|Any CPU
		{892F07DB-E9C0-4FB3-B1A9-A4ADF1289629}.Debug|x86.ActiveCfg = Debug|Any CPU
		{892F07DB-E9C0-4FB3-B1A9-A4ADF1289629}.Debug|x86.Build.0 = Debug|Any CPU
		{892F07DB-E9C0-4FB3-B1A9-A4ADF1289629}.Release|Any CPU.ActiveCfg = Release|Any CPU
		{892F07DB-E9C0-4FB3-B1A9-A4ADF1289629}.Release|Any CPU.Build.0 = Release|Any CPU
		{892F07DB-E9C0-4FB3-B1A9-A4ADF1289629}.Release|x64.ActiveCfg = Release|Any CPU
		{892F07DB-E9C0-4FB3-B1A9-A4ADF1289629}.Release|x64.Build.0 = Release|Any CPU
		{892F07DB-E9C0-4FB3-B1A9-A4ADF1289629}.Release|x86.ActiveCfg = Release|Any CPU
		{892F07DB-E9C0-4FB3-B1A9-A4ADF1289629}.Release|x86.Build.0 = Release|Any CPU
		{604F6DA1-F924-4608-8D82-2CF17DD5BA66}.Debug|Any CPU.ActiveCfg = Debug|Any CPU
		{604F6DA1-F924-4608-8D82-2CF17DD5BA66}.Debug|Any CPU.Build.0 = Debug|Any CPU
		{604F6DA1-F924-4608-8D82-2CF17DD5BA66}.Debug|x64.ActiveCfg = Debug|Any CPU
		{604F6DA1-F924-4608-8D82-2CF17DD5BA66}.Debug|x64.Build.0 = Debug|Any CPU
		{604F6DA1-F924-4608-8D82-2CF17DD5BA66}.Debug|x86.ActiveCfg = Debug|Any CPU
		{604F6DA1-F924-4608-8D82-2CF17DD5BA66}.Debug|x86.Build.0 = Debug|Any CPU
		{604F6DA1-F924-4608-8D82-2CF17DD5BA66}.Release|Any CPU.ActiveCfg = Release|Any CPU
		{604F6DA1-F924-4608-8D82-2CF17DD5BA66}.Release|Any CPU.Build.0 = Release|Any CPU
		{604F6DA1-F924-4608-8D82-2CF17DD5BA66}.Release|x64.ActiveCfg = Release|Any CPU
		{604F6DA1-F924-4608-8D82-2CF17DD5BA66}.Release|x64.Build.0 = Release|Any CPU
		{604F6DA1-F924-4608-8D82-2CF17DD5BA66}.Release|x86.ActiveCfg = Release|Any CPU
		{604F6DA1-F924-4608-8D82-2CF17DD5BA66}.Release|x86.Build.0 = Release|Any CPU
		{DB1706F4-A199-4E44-9F00-F92F80A8EF24}.Debug|Any CPU.ActiveCfg = Debug|Any CPU
		{DB1706F4-A199-4E44-9F00-F92F80A8EF24}.Debug|Any CPU.Build.0 = Debug|Any CPU
		{DB1706F4-A199-4E44-9F00-F92F80A8EF24}.Debug|x64.ActiveCfg = Debug|Any CPU
		{DB1706F4-A199-4E44-9F00-F92F80A8EF24}.Debug|x64.Build.0 = Debug|Any CPU
		{DB1706F4-A199-4E44-9F00-F92F80A8EF24}.Debug|x86.ActiveCfg = Debug|Any CPU
		{DB1706F4-A199-4E44-9F00-F92F80A8EF24}.Debug|x86.Build.0 = Debug|Any CPU
		{DB1706F4-A199-4E44-9F00-F92F80A8EF24}.Release|Any CPU.ActiveCfg = Release|Any CPU
		{DB1706F4-A199-4E44-9F00-F92F80A8EF24}.Release|Any CPU.Build.0 = Release|Any CPU
		{DB1706F4-A199-4E44-9F00-F92F80A8EF24}.Release|x64.ActiveCfg = Release|Any CPU
		{DB1706F4-A199-4E44-9F00-F92F80A8EF24}.Release|x64.Build.0 = Release|Any CPU
		{DB1706F4-A199-4E44-9F00-F92F80A8EF24}.Release|x86.ActiveCfg = Release|Any CPU
		{DB1706F4-A199-4E44-9F00-F92F80A8EF24}.Release|x86.Build.0 = Release|Any CPU
		{983D12C7-C616-4BC7-B664-31317EE976A3}.Debug|Any CPU.ActiveCfg = Debug|Any CPU
		{983D12C7-C616-4BC7-B664-31317EE976A3}.Debug|Any CPU.Build.0 = Debug|Any CPU
		{983D12C7-C616-4BC7-B664-31317EE976A3}.Debug|x64.ActiveCfg = Debug|Any CPU
		{983D12C7-C616-4BC7-B664-31317EE976A3}.Debug|x64.Build.0 = Debug|Any CPU
		{983D12C7-C616-4BC7-B664-31317EE976A3}.Debug|x86.ActiveCfg = Debug|Any CPU
		{983D12C7-C616-4BC7-B664-31317EE976A3}.Debug|x86.Build.0 = Debug|Any CPU
		{983D12C7-C616-4BC7-B664-31317EE976A3}.Release|Any CPU.ActiveCfg = Release|Any CPU
		{983D12C7-C616-4BC7-B664-31317EE976A3}.Release|Any CPU.Build.0 = Release|Any CPU
		{983D12C7-C616-4BC7-B664-31317EE976A3}.Release|x64.ActiveCfg = Release|Any CPU
		{983D12C7-C616-4BC7-B664-31317EE976A3}.Release|x64.Build.0 = Release|Any CPU
		{983D12C7-C616-4BC7-B664-31317EE976A3}.Release|x86.ActiveCfg = Release|Any CPU
		{983D12C7-C616-4BC7-B664-31317EE976A3}.Release|x86.Build.0 = Release|Any CPU
		{4C759699-D8C7-4E72-A56B-E4664A394183}.Debug|Any CPU.ActiveCfg = Debug|Any CPU
		{4C759699-D8C7-4E72-A56B-E4664A394183}.Debug|Any CPU.Build.0 = Debug|Any CPU
		{4C759699-D8C7-4E72-A56B-E4664A394183}.Debug|x64.ActiveCfg = Debug|Any CPU
		{4C759699-D8C7-4E72-A56B-E4664A394183}.Debug|x64.Build.0 = Debug|Any CPU
		{4C759699-D8C7-4E72-A56B-E4664A394183}.Debug|x86.ActiveCfg = Debug|Any CPU
		{4C759699-D8C7-4E72-A56B-E4664A394183}.Debug|x86.Build.0 = Debug|Any CPU
		{4C759699-D8C7-4E72-A56B-E4664A394183}.Release|Any CPU.ActiveCfg = Release|Any CPU
		{4C759699-D8C7-4E72-A56B-E4664A394183}.Release|Any CPU.Build.0 = Release|Any CPU
		{4C759699-D8C7-4E72-A56B-E4664A394183}.Release|x64.ActiveCfg = Release|Any CPU
		{4C759699-D8C7-4E72-A56B-E4664A394183}.Release|x64.Build.0 = Release|Any CPU
		{4C759699-D8C7-4E72-A56B-E4664A394183}.Release|x86.ActiveCfg = Release|Any CPU
		{4C759699-D8C7-4E72-A56B-E4664A394183}.Release|x86.Build.0 = Release|Any CPU
		{BDB91D33-3185-4DB3-BDF2-B7288726B04B}.Debug|Any CPU.ActiveCfg = Debug|Any CPU
		{BDB91D33-3185-4DB3-BDF2-B7288726B04B}.Debug|Any CPU.Build.0 = Debug|Any CPU
		{BDB91D33-3185-4DB3-BDF2-B7288726B04B}.Debug|x64.ActiveCfg = Debug|Any CPU
		{BDB91D33-3185-4DB3-BDF2-B7288726B04B}.Debug|x64.Build.0 = Debug|Any CPU
		{BDB91D33-3185-4DB3-BDF2-B7288726B04B}.Debug|x86.ActiveCfg = Debug|Any CPU
		{BDB91D33-3185-4DB3-BDF2-B7288726B04B}.Debug|x86.Build.0 = Debug|Any CPU
		{BDB91D33-3185-4DB3-BDF2-B7288726B04B}.Release|Any CPU.ActiveCfg = Release|Any CPU
		{BDB91D33-3185-4DB3-BDF2-B7288726B04B}.Release|Any CPU.Build.0 = Release|Any CPU
		{BDB91D33-3185-4DB3-BDF2-B7288726B04B}.Release|x64.ActiveCfg = Release|Any CPU
		{BDB91D33-3185-4DB3-BDF2-B7288726B04B}.Release|x64.Build.0 = Release|Any CPU
		{BDB91D33-3185-4DB3-BDF2-B7288726B04B}.Release|x86.ActiveCfg = Release|Any CPU
		{BDB91D33-3185-4DB3-BDF2-B7288726B04B}.Release|x86.Build.0 = Release|Any CPU
	EndGlobalSection
	GlobalSection(SolutionProperties) = preSolution
		HideSolutionNode = FALSE
	EndGlobalSection
EndGlobal
