
Microsoft Visual Studio Solution File, Format Version 12.00
# Visual Studio Version 17
VisualStudioVersion = 17.0.31903.59
MinimumVisualStudioVersion = 10.0.40219.1
Project("{2150E333-8FDC-42A3-9474-1A3956D46DE8}") = "Zadanie_01", "Zadanie_01", "{6580D831-D96F-0B96-F0B9-2C46DDD29687}"
EndProject
Project("{2150E333-8FDC-42A3-9474-1A3956D46DE8}") = "Podzadanie_01_Sygnalizator", "Podzadanie_01_Sygnalizator", "{54E5C331-8499-17B9-DC46-1C24756980A5}"
EndProject
Project("{FAE04EC0-301F-11D3-BF4B-00C04F79EFBC}") = "TrafficLightControl", "Zadanie_01\Podzadanie_01_Sygnalizator\TrafficLightControl\TrafficLightControl.csproj", "{20E0BF2D-234A-4CA8-B7BE-CB98B979E709}"
EndProject
Project("{FAE04EC0-301F-11D3-BF4B-00C04F79EFBC}") = "TrafficLightDemo", "Zadanie_01\Podzadanie_01_Sygnalizator\TrafficLightDemo\TrafficLightDemo.csproj", "{1D32F4E5-5708-4757-B3E9-7041369D41FE}"
EndProject
Project("{2150E333-8FDC-42A3-9474-1A3956D46DE8}") = "Podzadanie_02_Zegar", "Podzadanie_02_Zegar", "{036313BF-BDBC-3D8F-BA68-4D6EF4471019}"
EndProject
Project("{FAE04EC0-301F-11D3-BF4B-00C04F79EFBC}") = "ClockControl", "Zadanie_01\Podzadanie_02_Zegar\ClockControl\ClockControl.csproj", "{2222F6DA-C3F1-46AC-9337-B035D8D76AC3}"
EndProject
Project("{FAE04EC0-301F-11D3-BF4B-00C04F79EFBC}") = "ClockDemo", "Zadanie_01\Podzadanie_02_Zegar\ClockDemo\ClockDemo.csproj", "{81B27849-AC8B-421D-8CBE-9BED15976B1B}"
EndProject
Project("{2150E333-8FDC-42A3-9474-1A3956D46DE8}") = "Podzadanie_03_WindowsService", "Podzadanie_03_WindowsService", "{EFE8F6E5-8F57-5EFD-C7EA-2A8D396CB80D}"
EndProject
Project("{FAE04EC0-301F-11D3-BF4B-00C04F79EFBC}") = "HeartbeatService", "Zadanie_01\Podzadanie_03_WindowsService\HeartbeatService\HeartbeatService.csproj", "{7E2A9C2D-5F94-4F3B-A7D9-8B74C2A1E401}"
EndProject
Project("{2150E333-8FDC-42A3-9474-1A3956D46DE8}") = "Zadanie_02", "Zadanie_02", "{FD8AEB66-5D00-88CA-89FF-483CE5A5CF47}"
EndProject
Project("{2150E333-8FDC-42A3-9474-1A3956D46DE8}") = "Podzadanie_01_Joystick", "Podzadanie_01_Joystick", "{6A4DCA99-7F32-845F-80EC-337DD8C2C2FC}"
EndProject
Project("{FAE04EC0-301F-11D3-BF4B-00C04F79EFBC}") = "JoystickDemo", "Zadanie_02\Podzadanie_01_Joystick\JoystickDemo.csproj", "{38961B1B-D8C1-4CE2-92F8-8461495E8B53}"
EndProject
Project("{2150E333-8FDC-42A3-9474-1A3956D46DE8}") = "Podzadanie_02_Kierownica", "Podzadanie_02_Kierownica", "{F8942B16-01FF-620F-0F9B-CD4E80F3C420}"
EndProject
Project("{FAE04EC0-301F-11D3-BF4B-00C04F79EFBC}") = "KierownicaDemo", "Zadanie_02\Podzadanie_02_Kierownica\KierownicaDemo.csproj", "{4A1BAA5C-9FE7-4528-90A3-870CF68DB232}"
EndProject
Project("{2150E333-8FDC-42A3-9474-1A3956D46DE8}") = "Zadanie_03", "Zadanie_03", "{972F2F57-AED7-EF03-471F-48DA7FBA0B34}"
EndProject
Project("{2150E333-8FDC-42A3-9474-1A3956D46DE8}") = "Podzadanie_01_Serializacja", "Podzadanie_01_Serializacja", "{3669FDB7-D47F-3056-3456-8A8E43A1FE75}"
EndProject
Project("{FAE04EC0-301F-11D3-BF4B-00C04F79EFBC}") = "Serializacja", "Zadanie_03\Podzadanie_01_Serializacja\Serializacja.csproj", "{9BCBA8EF-C6F9-42A3-96D3-2DE4CB2BFEEF}"
EndProject
Project("{2150E333-8FDC-42A3-9474-1A3956D46DE8}") = "Podzadanie_02_BazaOsobowa", "Podzadanie_02_BazaOsobowa", "{83207469-6E1A-5F63-2324-430C058CFE10}"
EndProject
Project("{FAE04EC0-301F-11D3-BF4B-00C04F79EFBC}") = "BazaOsobowa", "Zadanie_03\Podzadanie_02_BazaOsobowa\BazaOsobowa.csproj", "{B76DB10A-7A4B-4BB2-B8C0-6C5F2D5654B4}"
EndProject
Project("{2150E333-8FDC-42A3-9474-1A3956D46DE8}") = "Podzadanie_03_WalidatorXML", "Podzadanie_03_WalidatorXML", "{56D0A8CB-F167-B863-00F0-A5D256182A94}"
EndProject
Project("{FAE04EC0-301F-11D3-BF4B-00C04F79EFBC}") = "WalidatorXML", "Zadanie_03\Podzadanie_03_WalidatorXML\WalidatorXML.csproj", "{20227736-EEB6-4261-ADF3-D2E2BB3B9880}"
EndProject
Project("{2150E333-8FDC-42A3-9474-1A3956D46DE8}") = "Podzadanie_04_TreeViewXML", "Podzadanie_04_TreeViewXML", "{A84692C9-7FE6-874D-058D-CFD3D9436080}"
EndProject
Project("{FAE04EC0-301F-11D3-BF4B-00C04F79EFBC}") = "TreeViewXML", "Zadanie_03\Podzadanie_04_TreeViewXML\TreeViewXML.csproj", "{DA29EC78-6E84-4315-B03D-CB31B367831C}"
EndProject
Project("{2150E333-8FDC-42A3-9474-1A3956D46DE8}") = "Podzadanie_05_ListViewDruk", "Podzadanie_05_ListViewDruk", "{46605753-A1EB-CFD2-5E23-E864EDDC6759}"
EndProject
Project("{FAE04EC0-301F-11D3-BF4B-00C04F79EFBC}") = "ListViewDruk", "Zadanie_03\Podzadanie_05_ListViewDruk\ListViewDruk.csproj", "{DBBA471A-F5EB-4352-9125-8EA8303B14FE}"
EndProject
Project("{2150E333-8FDC-42A3-9474-1A3956D46DE8}") = "Podzadanie_06_MDI_Obrazki", "Podzadanie_06_MDI_Obrazki", "{4F5C58C6-4C21-3DFC-3A0C-A3B567009C77}"
EndProject
Project("{FAE04EC0-301F-11D3-BF4B-00C04F79EFBC}") = "MDI_Obrazki", "Zadanie_03\Podzadanie_06_MDI_Obrazki\MDI_Obrazki.csproj", "{D1C028F5-5FC0-4C0D-B65F-3C3819726495}"
EndProject
Global
	GlobalSection(SolutionConfigurationPlatforms) = preSolution
		Debug|Any CPU = Debug|Any CPU
		Debug|x64 = Debug|x64
		Debug|x86 = Debug|x86
		Release|Any CPU = Release|Any CPU
		Release|x64 = Release|x64
		Release|x86 = Release|x86
	EndGlobalSection
	GlobalSection(ProjectConfigurationPlatforms) = postSolution
		{20E0BF2D-234A-4CA8-B7BE-CB98B979E709}.Debug|Any CPU.ActiveCfg = Debug|Any CPU
		{20E0BF2D-234A-4CA8-B7BE-CB98B979E709}.Debug|Any CPU.Build.0 = Debug|Any CPU
		{20E0BF2D-234A-4CA8-B7BE-CB98B979E709}.Debug|x64.ActiveCfg = Debug|Any CPU
		{20E0BF2D-234A-4CA8-B7BE-CB98B979E709}.Debug|x64.Build.0 = Debug|Any CPU
		{20E0BF2D-234A-4CA8-B7BE-CB98B979E709}.Debug|x86.ActiveCfg = Debug|Any CPU
		{20E0BF2D-234A-4CA8-B7BE-CB98B979E709}.Debug|x86.Build.0 = Debug|Any CPU
		{20E0BF2D-234A-4CA8-B7BE-CB98B979E709}.Release|Any CPU.ActiveCfg = Release|Any CPU
		{20E0BF2D-234A-4CA8-B7BE-CB98B979E709}.Release|Any CPU.Build.0 = Release|Any CPU
		{20E0BF2D-234A-4CA8-B7BE-CB98B979E709}.Release|x64.ActiveCfg = Release|Any CPU
		{20E0BF2D-234A-4CA8-B7BE-CB98B979E709}.Release|x64.Build.0 = Release|Any CPU
		{20E0BF2D-234A-4CA8-B7BE-CB98B979E709}.Release|x86.ActiveCfg = Release|Any CPU
		{20E0BF2D-234A-4CA8-B7BE-CB98B979E709}.Release|x86.Build.0 = Release|Any CPU
		{1D32F4E5-5708-4757-B3E9-7041369D41FE}.Debug|Any CPU.ActiveCfg = Debug|Any CPU
		{1D32F4E5-5708-4757-B3E9-7041369D41FE}.Debug|Any CPU.Build.0 = Debug|Any CPU
		{1D32F4E5-5708-4757-B3E9-7041369D41FE}.Debug|x64.ActiveCfg = Debug|Any CPU
		{1D32F4E5-5708-4757-B3E9-7041369D41FE}.Debug|x64.Build.0 = Debug|Any CPU
		{1D32F4E5-5708-4757-B3E9-7041369D41FE}.Debug|x86.ActiveCfg = Debug|Any CPU
		{1D32F4E5-5708-4757-B3E9-7041369D41FE}.Debug|x86.Build.0 = Debug|Any CPU
		{1D32F4E5-5708-4757-B3E9-7041369D41FE}.Release|Any CPU.ActiveCfg = Release|Any CPU
		{1D32F4E5-5708-4757-B3E9-7041369D41FE}.Release|Any CPU.Build.0 = Release|Any CPU
		{1D32F4E5-5708-4757-B3E9-7041369D41FE}.Release|x64.ActiveCfg = Release|Any CPU
		{1D32F4E5-5708-4757-B3E9-7041369D41FE}.Release|x64.Build.0 = Release|Any CPU
		{1D32F4E5-5708-4757-B3E9-7041369D41FE}.Release|x86.ActiveCfg = Release|Any CPU
		{1D32F4E5-5708-4757-B3E9-7041369D41FE}.Release|x86.Build.0 = Release|Any CPU
		{2222F6DA-C3F1-46AC-9337-B035D8D76AC3}.Debug|Any CPU.ActiveCfg = Debug|Any CPU
		{2222F6DA-C3F1-46AC-9337-B035D8D76AC3}.Debug|Any CPU.Build.0 = Debug|Any CPU
		{2222F6DA-C3F1-46AC-9337-B035D8D76AC3}.Debug|x64.ActiveCfg = Debug|Any CPU
		{2222F6DA-C3F1-46AC-9337-B035D8D76AC3}.Debug|x64.Build.0 = Debug|Any CPU
		{2222F6DA-C3F1-46AC-9337-B035D8D76AC3}.Debug|x86.ActiveCfg = Debug|Any CPU
		{2222F6DA-C3F1-46AC-9337-B035D8D76AC3}.Debug|x86.Build.0 = Debug|Any CPU
		{2222F6DA-C3F1-46AC-9337-B035D8D76AC3}.Release|Any CPU.ActiveCfg = Release|Any CPU
		{2222F6DA-C3F1-46AC-9337-B035D8D76AC3}.Release|Any CPU.Build.0 = Release|Any CPU
		{2222F6DA-C3F1-46AC-9337-B035D8D76AC3}.Release|x64.ActiveCfg = Release|Any CPU
		{2222F6DA-C3F1-46AC-9337-B035D8D76AC3}.Release|x64.Build.0 = Release|Any CPU
		{2222F6DA-C3F1-46AC-9337-B035D8D76AC3}.Release|x86.ActiveCfg = Release|Any CPU
		{2222F6DA-C3F1-46AC-9337-B035D8D76AC3}.Release|x86.Build.0 = Release|Any CPU
		{81B27849-AC8B-421D-8CBE-9BED15976B1B}.Debug|Any CPU.ActiveCfg = Debug|Any CPU
		{81B27849-AC8B-421D-8CBE-9BED15976B1B}.Debug|Any CPU.Build.0 = Debug|Any CPU
		{81B27849-AC8B-421D-8CBE-9BED15976B1B}.Debug|x64.ActiveCfg = Debug|Any CPU
		{81B27849-AC8B-421D-8CBE-9BED15976B1B}.Debug|x64.Build.0 = Debug|Any CPU
		{81B27849-AC8B-421D-8CBE-9BED15976B1B}.Debug|x86.ActiveCfg = Debug|Any CPU
		{81B27849-AC8B-421D-8CBE-9BED15976B1B}.Debug|x86.Build.0 = Debug|Any CPU
		{81B27849-AC8B-421D-8CBE-9BED15976B1B}.Release|Any CPU.ActiveCfg = Release|Any CPU
		{81B27849-AC8B-421D-8CBE-9BED15976B1B}.Release|Any CPU.Build.0 = Release|Any CPU
		{81B27849-AC8B-421D-8CBE-9BED15976B1B}.Release|x64.ActiveCfg = Release|Any CPU
		{81B27849-AC8B-421D-8CBE-9BED15976B1B}.Release|x64.Build.0 = Release|Any CPU
		{81B27849-AC8B-421D-8CBE-9BED15976B1B}.Release|x86.ActiveCfg = Release|Any CPU
		{81B27849-AC8B-421D-8CBE-9BED15976B1B}.Release|x86.Build.0 = Release|Any CPU
		{7E2A9C2D-5F94-4F3B-A7D9-8B74C2A1E401}.Debug|Any CPU.ActiveCfg = Debug|Any CPU
		{7E2A9C2D-5F94-4F3B-A7D9-8B74C2A1E401}.Debug|Any CPU.Build.0 = Debug|Any CPU
		{7E2A9C2D-5F94-4F3B-A7D9-8B74C2A1E401}.Debug|x64.ActiveCfg = Debug|Any CPU
		{7E2A9C2D-5F94-4F3B-A7D9-8B74C2A1E401}.Debug|x64.Build.0 = Debug|Any CPU
		{7E2A9C2D-5F94-4F3B-A7D9-8B74C2A1E401}.Debug|x86.ActiveCfg = Debug|Any CPU
		{7E2A9C2D-5F94-4F3B-A7D9-8B74C2A1E401}.Debug|x86.Build.0 = Debug|Any CPU
		{7E2A9C2D-5F94-4F3B-A7D9-8B74C2A1E401}.Release|Any CPU.ActiveCfg = Release|Any CPU
		{7E2A9C2D-5F94-4F3B-A7D9-8B74C2A1E401}.Release|Any CPU.Build.0 = Release|Any CPU
		{7E2A9C2D-5F94-4F3B-A7D9-8B74C2A1E401}.Release|x64.ActiveCfg = Release|Any CPU
		{7E2A9C2D-5F94-4F3B-A7D9-8B74C2A1E401}.Release|x64.Build.0 = Release|Any CPU
		{7E2A9C2D-5F94-4F3B-A7D9-8B74C2A1E401}.Release|x86.ActiveCfg = Release|Any CPU
		{7E2A9C2D-5F94-4F3B-A7D9-8B74C2A1E401}.Release|x86.Build.0 = Release|Any CPU
		{38961B1B-D8C1-4CE2-92F8-8461495E8B53}.Debug|Any CPU.ActiveCfg = Debug|Any CPU
		{38961B1B-D8C1-4CE2-92F8-8461495E8B53}.Debug|Any CPU.Build.0 = Debug|Any CPU
		{38961B1B-D8C1-4CE2-92F8-8461495E8B53}.Debug|x64.ActiveCfg = Debug|Any CPU
		{38961B1B-D8C1-4CE2-92F8-8461495E8B53}.Debug|x64.Build.0 = Debug|Any CPU
		{38961B1B-D8C1-4CE2-92F8-8461495E8B53}.Debug|x86.ActiveCfg = Debug|Any CPU
		{38961B1B-D8C1-4CE2-92F8-8461495E8B53}.Debug|x86.Build.0 = Debug|Any CPU
		{38961B1B-D8C1-4CE2-92F8-8461495E8B53}.Release|Any CPU.ActiveCfg = Release|Any CPU
		{38961B1B-D8C1-4CE2-92F8-8461495E8B53}.Release|Any CPU.Build.0 = Release|Any CPU
		{38961B1B-D8C1-4CE2-92F8-8461495E8B53}.Release|x64.ActiveCfg = Release|Any CPU
		{38961B1B-D8C1-4CE2-92F8-8461495E8B53}.Release|x64.Build.0 = Release|Any CPU
		{38961B1B-D8C1-4CE2-92F8-8461495E8B53}.Release|x86.ActiveCfg = Release|Any CPU
		{38961B1B-D8C1-4CE2-92F8-8461495E8B53}.Release|x86.Build.0 = Release|Any CPU
		{4A1BAA5C-9FE7-4528-90A3-870CF68DB232}.Debug|Any CPU.ActiveCfg = Debug|Any CPU
		{4A1BAA5C-9FE7-4528-90A3-870CF68DB232}.Debug|Any CPU.Build.0 = Debug|Any CPU
		{4A1BAA5C-9FE7-4528-90A3-870CF68DB232}.Debug|x64.ActiveCfg = Debug|Any CPU
		{4A1BAA5C-9FE7-4528-90A3-870CF68DB232}.Debug|x64.Build.0 = Debug|Any CPU
		{4A1BAA5C-9FE7-4528-90A3-870CF68DB232}.Debug|x86.ActiveCfg = Debug|Any CPU
		{4A1BAA5C-9FE7-4528-90A3-870CF68DB232}.Debug|x86.Build.0 = Debug|Any CPU
		{4A1BAA5C-9FE7-4528-90A3-870CF68DB232}.Release|Any CPU.ActiveCfg = Release|Any CPU
		{4A1BAA5C-9FE7-4528-90A3-870CF68DB232}.Release|Any CPU.Build.0 = Release|Any CPU
		{4A1BAA5C-9FE7-4528-90A3-870CF68DB232}.Release|x64.ActiveCfg = Release|Any CPU
		{4A1BAA5C-9FE7-4528-90A3-870CF68DB232}.Release|x64.Build.0 = Release|Any CPU
		{4A1BAA5C-9FE7-4528-90A3-870CF68DB232}.Release|x86.ActiveCfg = Release|Any CPU
		{4A1BAA5C-9FE7-4528-90A3-870CF68DB232}.Release|x86.Build.0 = Release|Any CPU
		{9BCBA8EF-C6F9-42A3-96D3-2DE4CB2BFEEF}.Debug|Any CPU.ActiveCfg = Debug|Any CPU
		{9BCBA8EF-C6F9-42A3-96D3-2DE4CB2BFEEF}.Debug|Any CPU.Build.0 = Debug|Any CPU
		{9BCBA8EF-C6F9-42A3-96D3-2DE4CB2BFEEF}.Debug|x64.ActiveCfg = Debug|Any CPU
		{9BCBA8EF-C6F9-42A3-96D3-2DE4CB2BFEEF}.Debug|x64.Build.0 = Debug|Any CPU
		{9BCBA8EF-C6F9-42A3-96D3-2DE4CB2BFEEF}.Debug|x86.ActiveCfg = Debug|Any CPU
		{9BCBA8EF-C6F9-42A3-96D3-2DE4CB2BFEEF}.Debug|x86.Build.0 = Debug|Any CPU
		{9BCBA8EF-C6F9-42A3-96D3-2DE4CB2BFEEF}.Release|Any CPU.ActiveCfg = Release|Any CPU
		{9BCBA8EF-C6F9-42A3-96D3-2DE4CB2BFEEF}.Release|Any CPU.Build.0 = Release|Any CPU
		{9BCBA8EF-C6F9-42A3-96D3-2DE4CB2BFEEF}.Release|x64.ActiveCfg = Release|Any CPU
		{9BCBA8EF-C6F9-42A3-96D3-2DE4CB2BFEEF}.Release|x64.Build.0 = Release|Any CPU
		{9BCBA8EF-C6F9-42A3-96D3-2DE4CB2BFEEF}.Release|x86.ActiveCfg = Release|Any CPU
		{9BCBA8EF-C6F9-42A3-96D3-2DE4CB2BFEEF}.Release|x86.Build.0 = Release|Any CPU
		{B76DB10A-7A4B-4BB2-B8C0-6C5F2D5654B4}.Debug|Any CPU.ActiveCfg = Debug|Any CPU
		{B76DB10A-7A4B-4BB2-B8C0-6C5F2D5654B4}.Debug|Any CPU.Build.0 = Debug|Any CPU
		{B76DB10A-7A4B-4BB2-B8C0-6C5F2D5654B4}.Debug|x64.ActiveCfg = Debug|Any CPU
		{B76DB10A-7A4B-4BB2-B8C0-6C5F2D5654B4}.Debug|x64.Build.0 = Debug|Any CPU
		{B76DB10A-7A4B-4BB2-B8C0-6C5F2D5654B4}.Debug|x86.ActiveCfg = Debug|Any CPU
		{B76DB10A-7A4B-4BB2-B8C0-6C5F2D5654B4}.Debug|x86.Build.0 = Debug|Any CPU
		{B76DB10A-7A4B-4BB2-B8C0-6C5F2D5654B4}.Release|Any CPU.ActiveCfg = Release|Any CPU
		{B76DB10A-7A4B-4BB2-B8C0-6C5F2D5654B4}.Release|Any CPU.Build.0 = Release|Any CPU
		{B76DB10A-7A4B-4BB2-B8C0-6C5F2D5654B4}.Release|x64.ActiveCfg = Release|Any CPU
		{B76DB10A-7A4B-4BB2-B8C0-6C5F2D5654B4}.Release|x64.Build.0 = Release|Any CPU
		{B76DB10A-7A4B-4BB2-B8C0-6C5F2D5654B4}.Release|x86.ActiveCfg = Release|Any CPU
		{B76DB10A-7A4B-4BB2-B8C0-6C5F2D5654B4}.Release|x86.Build.0 = Release|Any CPU
		{20227736-EEB6-4261-ADF3-D2E2BB3B9880}.Debug|Any CPU.ActiveCfg = Debug|Any CPU
		{20227736-EEB6-4261-ADF3-D2E2BB3B9880}.Debug|Any CPU.Build.0 = Debug|Any CPU
		{20227736-EEB6-4261-ADF3-D2E2BB3B9880}.Debug|x64.ActiveCfg = Debug|Any CPU
		{20227736-EEB6-4261-ADF3-D2E2BB3B9880}.Debug|x64.Build.0 = Debug|Any CPU
		{20227736-EEB6-4261-ADF3-D2E2BB3B9880}.Debug|x86.ActiveCfg = Debug|Any CPU
		{20227736-EEB6-4261-ADF3-D2E2BB3B9880}.Debug|x86.Build.0 = Debug|Any CPU
		{20227736-EEB6-4261-ADF3-D2E2BB3B9880}.Release|Any CPU.ActiveCfg = Release|Any CPU
		{20227736-EEB6-4261-ADF3-D2E2BB3B9880}.Release|Any CPU.Build.0 = Release|Any CPU
		{20227736-EEB6-4261-ADF3-D2E2BB3B9880}.Release|x64.ActiveCfg = Release|Any CPU
		{20227736-EEB6-4261-ADF3-D2E2BB3B9880}.Release|x64.Build.0 = Release|Any CPU
		{20227736-EEB6-4261-ADF3-D2E2BB3B9880}.Release|x86.ActiveCfg = Release|Any CPU
		{20227736-EEB6-4261-ADF3-D2E2BB3B9880}.Release|x86.Build.0 = Release|Any CPU
		{DA29EC78-6E84-4315-B03D-CB31B367831C}.Debug|Any CPU.ActiveCfg = Debug|Any CPU
		{DA29EC78-6E84-4315-B03D-CB31B367831C}.Debug|Any CPU.Build.0 = Debug|Any CPU
		{DA29EC78-6E84-4315-B03D-CB31B367831C}.Debug|x64.ActiveCfg = Debug|Any CPU
		{DA29EC78-6E84-4315-B03D-CB31B367831C}.Debug|x64.Build.0 = Debug|Any CPU
		{DA29EC78-6E84-4315-B03D-CB31B367831C}.Debug|x86.ActiveCfg = Debug|Any CPU
		{DA29EC78-6E84-4315-B03D-CB31B367831C}.Debug|x86.Build.0 = Debug|Any CPU
		{DA29EC78-6E84-4315-B03D-CB31B367831C}.Release|Any CPU.ActiveCfg = Release|Any CPU
		{DA29EC78-6E84-4315-B03D-CB31B367831C}.Release|Any CPU.Build.0 = Release|Any CPU
		{DA29EC78-6E84-4315-B03D-CB31B367831C}.Release|x64.ActiveCfg = Release|Any CPU
		{DA29EC78-6E84-4315-B03D-CB31B367831C}.Release|x64.Build.0 = Release|Any CPU
		{DA29EC78-6E84-4315-B03D-CB31B367831C}.Release|x86.ActiveCfg = Release|Any CPU
		{DA29EC78-6E84-4315-B03D-CB31B367831C}.Release|x86.Build.0 = Release|Any CPU
		{DBBA471A-F5EB-4352-9125-8EA8303B14FE}.Debug|Any CPU.ActiveCfg = Debug|Any CPU
		{DBBA471A-F5EB-4352-9125-8EA8303B14FE}.Debug|Any CPU.Build.0 = Debug|Any CPU
		{DBBA471A-F5EB-4352-9125-8EA8303B14FE}.Debug|x64.ActiveCfg = Debug|Any CPU
		{DBBA471A-F5EB-4352-9125-8EA8303B14FE}.Debug|x64.Build.0 = Debug|Any CPU
		{DBBA471A-F5EB-4352-9125-8EA8303B14FE}.Debug|x86.ActiveCfg = Debug|Any CPU
		{DBBA471A-F5EB-4352-9125-8EA8303B14FE}.Debug|x86.Build.0 = Debug|Any CPU
		{DBBA471A-F5EB-4352-9125-8EA8303B14FE}.Release|Any CPU.ActiveCfg = Release|Any CPU
		{DBBA471A-F5EB-4352-9125-8EA8303B14FE}.Release|Any CPU.Build.0 = Release|Any CPU
		{DBBA471A-F5EB-4352-9125-8EA8303B14FE}.Release|x64.ActiveCfg = Release|Any CPU
		{DBBA471A-F5EB-4352-9125-8EA8303B14FE}.Release|x64.Build.0 = Release|Any CPU
		{DBBA471A-F5EB-4352-9125-8EA8303B14FE}.Release|x86.ActiveCfg = Release|Any CPU
		{DBBA471A-F5EB-4352-9125-8EA8303B14FE}.Release|x86.Build.0 = Release|Any CPU
		{D1C028F5-5FC0-4C0D-B65F-3C3819726495}.Debug|Any CPU.ActiveCfg = Debug|Any CPU
		{D1C028F5-5FC0-4C0D-B65F-3C3819726495}.Debug|Any CPU.Build.0 = Debug|Any CPU
		{D1C028F5-5FC0-4C0D-B65F-3C3819726495}.Debug|x64.ActiveCfg = Debug|Any CPU
		{D1C028F5-5FC0-4C0D-B65F-3C3819726495}.Debug|x64.Build.0 = Debug|Any CPU
		{D1C028F5-5FC0-4C0D-B65F-3C3819726495}.Debug|x86.ActiveCfg = Debug|Any CPU
		{D1C028F5-5FC0-4C0D-B65F-3C3819726495}.Debug|x86.Build.0 = Debug|Any CPU
		{D1C028F5-5FC0-4C0D-B65F-3C3819726495}.Release|Any CPU.ActiveCfg = Release|Any CPU
		{D1C028F5-5FC0-4C0D-B65F-3C3819726495}.Release|Any CPU.Build.0 = Release|Any CPU
		{D1C028F5-5FC0-4C0D-B65F-3C3819726495}.Release|x64.ActiveCfg = Release|Any CPU
		{D1C028F5-5FC0-4C0D-B65F-3C3819726495}.Release|x64.Build.0 = Release|Any CPU
		{D1C028F5-5FC0-4C0D-B65F-3C3819726495}.Release|x86.ActiveCfg = Release|Any CPU
		{D1C028F5-5FC0-4C0D-B65F-3C3819726495}.Release|x86.Build.0 = Release|Any CPU
	EndGlobalSection
	GlobalSection(SolutionProperties) = preSolution
		HideSolutionNode = FALSE
	EndGlobalSection
	GlobalSection(NestedProjects) = preSolution
		{54E5C331-8499-17B9-DC46-1C24756980A5} = {6580D831-D96F-0B96-F0B9-2C46DDD29687}
		{20E0BF2D-234A-4CA8-B7BE-CB98B979E709} = {54E5C331-8499-17B9-DC46-1C24756980A5}
		{1D32F4E5-5708-4757-B3E9-7041369D41FE} = {54E5C331-8499-17B9-DC46-1C24756980A5}
		{036313BF-BDBC-3D8F-BA68-4D6EF4471019} = {6580D831-D96F-0B96-F0B9-2C46DDD29687}
		{2222F6DA-C3F1-46AC-9337-B035D8D76AC3} = {036313BF-BDBC-3D8F-BA68-4D6EF4471019}
		{81B27849-AC8B-421D-8CBE-9BED15976B1B} = {036313BF-BDBC-3D8F-BA68-4D6EF4471019}
		{EFE8F6E5-8F57-5EFD-C7EA-2A8D396CB80D} = {6580D831-D96F-0B96-F0B9-2C46DDD29687}
		{7E2A9C2D-5F94-4F3B-A7D9-8B74C2A1E401} = {EFE8F6E5-8F57-5EFD-C7EA-2A8D396CB80D}
		{6A4DCA99-7F32-845F-80EC-337DD8C2C2FC} = {FD8AEB66-5D00-88CA-89FF-483CE5A5CF47}
		{38961B1B-D8C1-4CE2-92F8-8461495E8B53} = {6A4DCA99-7F32-845F-80EC-337DD8C2C2FC}
		{F8942B16-01FF-620F-0F9B-CD4E80F3C420} = {FD8AEB66-5D00-88CA-89FF-483CE5A5CF47}
		{4A1BAA5C-9FE7-4528-90A3-870CF68DB232} = {F8942B16-01FF-620F-0F9B-CD4E80F3C420}
		{3669FDB7-D47F-3056-3456-8A8E43A1FE75} = {972F2F57-AED7-EF03-471F-48DA7FBA0B34}
		{9BCBA8EF-C6F9-42A3-96D3-2DE4CB2BFEEF} = {3669FDB7-D47F-3056-3456-8A8E43A1FE75}
		{83207469-6E1A-5F63-2324-430C058CFE10} = {972F2F57-AED7-EF03-471F-48DA7FBA0B34}
		{B76DB10A-7A4B-4BB2-B8C0-6C5F2D5654B4} = {83207469-6E1A-5F63-2324-430C058CFE10}
		{56D0A8CB-F167-B863-00F0-A5D256182A94} = {972F2F57-AED7-EF03-471F-48DA7FBA0B34}
		{20227736-EEB6-4261-ADF3-D2E2BB3B9880} = {56D0A8CB-F167-B863-00F0-A5D256182A94}
		{A84692C9-7FE6-874D-058D-CFD3D9436080} = {972F2F57-AED7-EF03-471F-48DA7FBA0B34}
		{DA29EC78-6E84-4315-B03D-CB31B367831C} = {A84692C9-7FE6-874D-058D-CFD3D9436080}
		{46605753-A1EB-CFD2-5E23-E864EDDC6759} = {972F2F57-AED7-EF03-471F-48DA7FBA0B34}
		{DBBA471A-F5EB-4352-9125-8EA8303B14FE} = {46605753-A1EB-CFD2-5E23-E864EDDC6759}
		{4F5C58C6-4C21-3DFC-3A0C-A3B567009C77} = {972F2F57-AED7-EF03-471F-48DA7FBA0B34}
		{D1C028F5-5FC0-4C0D-B65F-3C3819726495} = {4F5C58C6-4C21-3DFC-3A0C-A3B567009C77}
	EndGlobalSection
EndGlobal
