<Solution>
  <Project Path="Zadanie_01/Zadanie_01.csproj" Id="43e9b3d5-067e-4a38-af39-4f6dbe423e3c" />
  <Project Path="Zadanie_02/Zadanie_02.csproj" Id="9d6c8961-b5b9-4a1d-acde-39a9040bd3d8" />
  <Project Path="Zadanie_03/Zadanie_03.csproj" Id="4f5d978f-4733-4659-9477-d8cb1e7e74cb" />
  <Project Path="Zadanie_04/Zadanie_04.csproj" Id="9b417d6c-36ec-4f0d-a59f-46c6fde76ef3" />
  <Project Path="Zadanie_05/Zadanie_05.csproj" Id="e1dde8c0-2da6-4d1e-9296-6a6cf34fffed" />
  <Project Path="Zadanie_06/Zadanie_06.csproj" Id="735162ae-1b79-4948-8b24-53c0409f0ad3" />
  <Project Path="Zadanie_07/Zadanie_07.csproj" Id="d3bf287e-18fe-4fa8-ae46-dc5148c1fd93" />
</Solution>
