
Microsoft Visual Studio Solution File, Format Version 12.00
Project("{FAE04EC0-301F-11D3-BF4B-00C04F79EFBC}") = "Zadanie_02", "Zadanie_02\Zadanie_02.csproj", "{F2EE8DF7-863F-48DE-851C-571CCF590AA8}"
EndProject
Project("{FAE04EC0-301F-11D3-BF4B-00C04F79EFBC}") = "Zadanie_03", "Zadanie_03\Zadanie_03.csproj", "{D37998F3-EF3B-4627-8A90-ED11F8A36021}"
EndProject
Project("{FAE04EC0-301F-11D3-BF4B-00C04F79EFBC}") = "Zadanie_04", "Zadanie_04\Zadanie_04.csproj", "{AC59093B-C648-4E5B-8BAA-42A116DC6F5E}"
EndProject
Project("{FAE04EC0-301F-11D3-BF4B-00C04F79EFBC}") = "Zadanie_05", "Zadanie_05\Zadanie_05.csproj", "{56F69197-F784-49E9-8B97-26269C3E3D39}"
EndProject
Project("{FAE04EC0-301F-11D3-BF4B-00C04F79EFBC}") = "Zadanie_06", "Zadanie_06\Zadanie_06.csproj", "{AEC6A6BA-F8DC-4BCE-BB44-AE737A7060B7}"
EndProject
Project("{FAE04EC0-301F-11D3-BF4B-00C04F79EFBC}") = "MojaLibrary", "Zadanie_06\MojaLibrary\MojaLibrary.csproj", "{9445F0D9-57F6-41F1-9F32-EB36EAE21AD5}"
EndProject
Global
	GlobalSection(SolutionConfigurationPlatforms) = preSolution
		Debug|Any CPU = Debug|Any CPU
		Release|Any CPU = Release|Any CPU
	EndGlobalSection
	GlobalSection(ProjectConfigurationPlatforms) = postSolution
		{F2EE8DF7-863F-48DE-851C-571CCF590AA8}.Debug|Any CPU.ActiveCfg = Debug|Any CPU
		{F2EE8DF7-863F-48DE-851C-571CCF590AA8}.Debug|Any CPU.Build.0 = Debug|Any CPU
		{F2EE8DF7-863F-48DE-851C-571CCF590AA8}.Release|Any CPU.ActiveCfg = Release|Any CPU
		{F2EE8DF7-863F-48DE-851C-571CCF590AA8}.Release|Any CPU.Build.0 = Release|Any CPU
		{D37998F3-EF3B-4627-8A90-ED11F8A36021}.Debug|Any CPU.ActiveCfg = Debug|Any CPU
		{D37998F3-EF3B-4627-8A90-ED11F8A36021}.Debug|Any CPU.Build.0 = Debug|Any CPU
		{D37998F3-EF3B-4627-8A90-ED11F8A36021}.Release|Any CPU.ActiveCfg = Release|Any CPU
		{D37998F3-EF3B-4627-8A90-ED11F8A36021}.Release|Any CPU.Build.0 = Release|Any CPU
		{AC59093B-C648-4E5B-8BAA-42A116DC6F5E}.Debug|Any CPU.ActiveCfg = Debug|Any CPU
		{AC59093B-C648-4E5B-8BAA-42A116DC6F5E}.Debug|Any CPU.Build.0 = Debug|Any CPU
		{AC59093B-C648-4E5B-8BAA-42A116DC6F5E}.Release|Any CPU.ActiveCfg = Release|Any CPU
		{AC59093B-C648-4E5B-8BAA-42A116DC6F5E}.Release|Any CPU.Build.0 = Release|Any CPU
		{56F69197-F784-49E9-8B97-26269C3E3D39}.Debug|Any CPU.ActiveCfg = Debug|Any CPU
		{56F69197-F784-49E9-8B97-26269C3E3D39}.Debug|Any CPU.Build.0 = Debug|Any CPU
		{56F69197-F784-49E9-8B97-26269C3E3D39}.Release|Any CPU.ActiveCfg = Release|Any CPU
		{56F69197-F784-49E9-8B97-26269C3E3D39}.Release|Any CPU.Build.0 = Release|Any CPU
		{AEC6A6BA-F8DC-4BCE-BB44-AE737A7060B7}.Debug|Any CPU.ActiveCfg = Debug|Any CPU
		{AEC6A6BA-F8DC-4BCE-BB44-AE737A7060B7}.Debug|Any CPU.Build.0 = Debug|Any CPU
		{AEC6A6BA-F8DC-4BCE-BB44-AE737A7060B7}.Release|Any CPU.ActiveCfg = Release|Any CPU
		{AEC6A6BA-F8DC-4BCE-BB44-AE737A7060B7}.Release|Any CPU.Build.0 = Release|Any CPU
		{9445F0D9-57F6-41F1-9F32-EB36EAE21AD5}.Debug|Any CPU.ActiveCfg = Debug|Any CPU
		{9445F0D9-57F6-41F1-9F32-EB36EAE21AD5}.Debug|Any CPU.Build.0 = Debug|Any CPU
		{9445F0D9-57F6-41F1-9F32-EB36EAE21AD5}.Release|Any CPU.ActiveCfg = Release|Any CPU
		{9445F0D9-57F6-41F1-9F32-EB36EAE21AD5}.Release|Any CPU.Build.0 = Release|Any CPU
	EndGlobalSection
EndGlobal
